// !$*UTF8*$!
{
	archiveVersion = 1;
	classes = {
	};
	objectVersion = 50;
	objects = {

/* Begin PBXBuildFile section */
		852487DA2347B6FF00A1E5D7 /* MovieTableViewController.swift in Sources */ = {isa = PBXBuildFile; fileRef = 852487D92347B6FF00A1E5D7 /* MovieTableViewController.swift */; };
		852487DC2347B8FD00A1E5D7 /* MovieInfoTableViewCell.swift in Sources */ = {isa = PBXBuildFile; fileRef = 852487DB2347B8FD00A1E5D7 /* MovieInfoTableViewCell.swift */; };
		8557925E234796A300E521BA /* AppDelegate.swift in Sources */ = {isa = PBXBuildFile; fileRef = 8557925D234796A300E521BA /* AppDelegate.swift */; };
		85579260234796A300E521BA /* SceneDelegate.swift in Sources */ = {isa = PBXBuildFile; fileRef = 8557925F234796A300E521BA /* SceneDelegate.swift */; };
		85579265234796A300E521BA /* Main.storyboard in Resources */ = {isa = PBXBuildFile; fileRef = 85579263234796A300E521BA /* Main.storyboard */; };
		85579267234796A400E521BA /* Assets.xcassets in Resources */ = {isa = PBXBuildFile; fileRef = 85579266234796A400E521BA /* Assets.xcassets */; };
		8557926A234796A400E521BA /* LaunchScreen.storyboard in Resources */ = {isa = PBXBuildFile; fileRef = 85579268234796A400E521BA /* LaunchScreen.storyboard */; };
		8557927923479DE000E521BA /* Movie.swift in Sources */ = {isa = PBXBuildFile; fileRef = 8557927823479DE000E521BA /* Movie.swift */; };
		8557927B2347A00E00E521BA /* MovieController.swift in Sources */ = {isa = PBXBuildFile; fileRef = 8557927A2347A00E00E521BA /* MovieController.swift */; };
/* End PBXBuildFile section */

/* Begin PBXFileReference section */
		852487D92347B6FF00A1E5D7 /* MovieTableViewController.swift */ = {isa = PBXFileReference; lastKnownFileType = sourcecode.swift; path = MovieTableViewController.swift; sourceTree = "<group>"; };
		852487DB2347B8FD00A1E5D7 /* MovieInfoTableViewCell.swift */ = {isa = PBXFileReference; lastKnownFileType = sourcecode.swift; path = MovieInfoTableViewCell.swift; sourceTree = "<group>"; };
		8557925A234796A300E521BA /* Movie.app */ = {isa = PBXFileReference; explicitFileType = wrapper.application; includeInIndex = 0; path = Movie.app; sourceTree = BUILT_PRODUCTS_DIR; };
		8557925D234796A300E521BA /* AppDelegate.swift */ = {isa = PBXFileReference; lastKnownFileType = sourcecode.swift; path = AppDelegate.swift; sourceTree = "<group>"; };
		8557925F234796A300E521BA /* SceneDelegate.swift */ = {isa = PBXFileReference; lastKnownFileType = sourcecode.swift; path = SceneDelegate.swift; sourceTree = "<group>"; };
		85579264234796A300E521BA /* Base */ = {isa = PBXFileReference; lastKnownFileType = file.storyboard; name = Base; path = Base.lproj/Main.storyboard; sourceTree = "<group>"; };
		85579266234796A400E521BA /* Assets.xcassets */ = {isa = PBXFileReference; lastKnownFileType = folder.assetcatalog; path = Assets.xcassets; sourceTree = "<group>"; };
		85579269234796A400E521BA /* Base */ = {isa = PBXFileReference; lastKnownFileType = file.storyboard; name = Base; path = Base.lproj/LaunchScreen.storyboard; sourceTree = "<group>"; };
		8557926B234796A400E521BA /* Info.plist */ = {isa = PBXFileReference; lastKnownFileType = text.plist.xml; path = Info.plist; sourceTree = "<group>"; };
		8557927823479DE000E521BA /* Movie.swift */ = {isa = PBXFileReference; lastKnownFileType = sourcecode.swift; path = Movie.swift; sourceTree = "<group>"; };
		8557927A2347A00E00E521BA /* MovieController.swift */ = {isa = PBXFileReference; lastKnownFileType = sourcecode.swift; path = MovieController.swift; sourceTree = "<group>"; };
/* End PBXFileReference section */

/* Begin PBXFrameworksBuildPhase section */
		85579257234796A300E521BA /* Frameworks */ = {
			isa = PBXFrameworksBuildPhase;
			buildActionMask = 2147483647;
			files = (
			);
			runOnlyForDeploymentPostprocessing = 0;
		};
/* End PBXFrameworksBuildPhase section */

/* Begin PBXGroup section */
		85579251234796A300E521BA = {
			isa = PBXGroup;
			children = (
				8557925C234796A300E521BA /* Movie */,
				8557925B234796A300E521BA /* Products */,
			);
			sourceTree = "<group>";
		};
		8557925B234796A300E521BA /* Products */ = {
			isa = PBXGroup;
			children = (
				8557925A234796A300E521BA /* Movie.app */,
			);
			name = Products;
			sourceTree = "<group>";
		};
		8557925C234796A300E521BA /* Movie */ = {
			isa = PBXGroup;
			children = (
				85579275234796D100E521BA /* VIew */,
				85579274234796C600E521BA /* Controllers */,
				85579272234796B900E521BA /* Model */,
				85579271234796B000E521BA /* Resources */,
			);
			path = Movie;
			sourceTree = "<group>";
		};
		85579271234796B000E521BA /* Resources */ = {
			isa = PBXGroup;
			children = (
				8557925D234796A300E521BA /* AppDelegate.swift */,
				8557925F234796A300E521BA /* SceneDelegate.swift */,
				85579266234796A400E521BA /* Assets.xcassets */,
				85579268234796A400E521BA /* LaunchScreen.storyboard */,
				8557926B234796A400E521BA /* Info.plist */,
			);
			path = Resources;
			sourceTree = "<group>";
		};
		85579272234796B900E521BA /* Model */ = {
			isa = PBXGroup;
			children = (
				8557927823479DE000E521BA /* Movie.swift */,
			);
			path = Model;
			sourceTree = "<group>";
		};
		85579274234796C600E521BA /* Controllers */ = {
			isa = PBXGroup;
			children = (
				85579277234796E800E521BA /* View Controller */,
				85579276234796E200E521BA /* Model Controller */,
			);
			path = Controllers;
			sourceTree = "<group>";
		};
		85579275234796D100E521BA /* VIew */ = {
			isa = PBXGroup;
			children = (
				85579263234796A300E521BA /* Main.storyboard */,
				852487DB2347B8FD00A1E5D7 /* MovieInfoTableViewCell.swift */,
			);
			path = VIew;
			sourceTree = "<group>";
		};
		85579276234796E200E521BA /* Model Controller */ = {
			isa = PBXGroup;
			children = (
				8557927A2347A00E00E521BA /* MovieController.swift */,
			);
			path = "Model Controller";
			sourceTree = "<group>";
		};
		85579277234796E800E521BA /* View Controller */ = {
			isa = PBXGroup;
			children = (
				852487D92347B6FF00A1E5D7 /* MovieTableViewController.swift */,
			);
			path = "View Controller";
			sourceTree = "<group>";
		};
/* End PBXGroup section */

/* Begin PBXNativeTarget section */
		85579259234796A300E521BA /* Movie */ = {
			isa = PBXNativeTarget;
			buildConfigurationList = 8557926E234796A400E521BA /* Build configuration list for PBXNativeTarget "Movie" */;
			buildPhases = (
				85579256234796A300E521BA /* Sources */,
				85579257234796A300E521BA /* Frameworks */,
				85579258234796A300E521BA /* Resources */,
			);
			buildRules = (
			);
			dependencies = (
			);
			name = Movie;
			productName = Movie;
			productReference = 8557925A234796A300E521BA /* Movie.app */;
			productType = "com.apple.product-type.application";
		};
/* End PBXNativeTarget section */

/* Begin PBXProject section */
		85579252234796A300E521BA /* Project object */ = {
			isa = PBXProject;
			attributes = {
				LastSwiftUpdateCheck = 1100;
				LastUpgradeCheck = 1100;
				ORGANIZATIONNAME = "Zebadiah Watson";
				TargetAttributes = {
					85579259234796A300E521BA = {
						CreatedOnToolsVersion = 11.0;
					};
				};
			};
			buildConfigurationList = 85579255234796A300E521BA /* Build configuration list for PBXProject "Movie" */;
			compatibilityVersion = "Xcode 9.3";
			developmentRegion = en;
			hasScannedForEncodings = 0;
			knownRegions = (
				en,
				Base,
			);
			mainGroup = 85579251234796A300E521BA;
			productRefGroup = 8557925B234796A300E521BA /* Products */;
			projectDirPath = "";
			projectRoot = "";
			targets = (
				85579259234796A300E521BA /* Movie */,
			);
		};
/* End PBXProject section */

/* Begin PBXResourcesBuildPhase section */
		85579258234796A300E521BA /* Resources */ = {
			isa = PBXResourcesBuildPhase;
			buildActionMask = 2147483647;
			files = (
				8557926A234796A400E521BA /* LaunchScreen.storyboard in Resources */,
				85579267234796A400E521BA /* Assets.xcassets in Resources */,
				85579265234796A300E521BA /* Main.storyboard in Resources */,
			);
			runOnlyForDeploymentPostprocessing = 0;
		};
/* End PBXResourcesBuildPhase section */

/* Begin PBXSourcesBuildPhase section */
		85579256234796A300E521BA /* Sources */ = {
			isa = PBXSourcesBuildPhase;
			buildActionMask = 2147483647;
			files = (
				852487DA2347B6FF00A1E5D7 /* MovieTableViewController.swift in Sources */,
				8557927B2347A00E00E521BA /* MovieController.swift in Sources */,
				8557925E234796A300E521BA /* AppDelegate.swift in Sources */,
				85579260234796A300E521BA /* SceneDelegate.swift in Sources */,
				852487DC2347B8FD00A1E5D7 /* MovieInfoTableViewCell.swift in Sources */,
				8557927923479DE000E521BA /* Movie.swift in Sources */,
			);
			runOnlyForDeploymentPostprocessing = 0;
		};
/* End PBXSourcesBuildPhase section */

/* Begin PBXVariantGroup section */
		85579263234796A300E521BA /* Main.storyboard */ = {
			isa = PBXVariantGroup;
			children = (
				85579264234796A300E521BA /* Base */,
			);
			name = Main.storyboard;
			sourceTree = "<group>";
		};
		85579268234796A400E521BA /* LaunchScreen.storyboard */ = {
			isa = PBXVariantGroup;
			children = (
				85579269234796A400E521BA /* Base */,
			);
			name = LaunchScreen.storyboard;
			sourceTree = "<group>";
		};
/* End PBXVariantGroup section */

/* Begin XCBuildConfiguration section */
		8557926C234796A400E521BA /* Debug */ = {
			isa = XCBuildConfiguration;
			buildSettings = {
				ALWAYS_SEARCH_USER_PATHS = NO;
				CLANG_ANALYZER_NONNULL = YES;
				CLANG_ANALYZER_NUMBER_OBJECT_CONVERSION = YES_AGGRESSIVE;
				CLANG_CXX_LANGUAGE_STANDARD = "gnu++14";
				CLANG_CXX_LIBRARY = "libc++";
				CLANG_ENABLE_MODULES = YES;
				CLANG_ENABLE_OBJC_ARC = YES;
				CLANG_ENABLE_OBJC_WEAK = YES;
				CLANG_WARN_BLOCK_CAPTURE_AUTORELEASING = YES;
				CLANG_WARN_BOOL_CONVERSION = YES;
				CLANG_WARN_COMMA = YES;
				CLANG_WARN_CONSTANT_CONVERSION = YES;
				CLANG_WARN_DEPRECATED_OBJC_IMPLEMENTATIONS = YES;
				CLANG_WARN_DIRECT_OBJC_ISA_USAGE = YES_ERROR;
				CLANG_WARN_DOCUMENTATION_COMMENTS = YES;
				CLANG_WARN_EMPTY_BODY = YES;
				CLANG_WARN_ENUM_CONVERSION = YES;
				CLANG_WARN_INFINITE_RECURSION = YES;
				CLANG_WARN_INT_CONVERSION = YES;
				CLANG_WARN_NON_LITERAL_NULL_CONVERSION = YES;
				CLANG_WARN_OBJC_IMPLICIT_RETAIN_SELF = YES;
				CLANG_WARN_OBJC_LITERAL_CONVERSION = YES;
				CLANG_WARN_OBJC_ROOT_CLASS = YES_ERROR;
				CLANG_WARN_RANGE_LOOP_ANALYSIS = YES;
				CLANG_WARN_STRICT_PROTOTYPES = YES;
				CLANG_WARN_SUSPICIOUS_MOVE = YES;
				CLANG_WARN_UNGUARDED_AVAILABILITY = YES_AGGRESSIVE;
				CLANG_WARN_UNREACHABLE_CODE = YES;
				CLANG_WARN__DUPLICATE_METHOD_MATCH = YES;
				COPY_PHASE_STRIP = NO;
				DEBUG_INFORMATION_FORMAT = dwarf;
				ENABLE_STRICT_OBJC_MSGSEND = YES;
				ENABLE_TESTABILITY = YES;
				GCC_C_LANGUAGE_STANDARD = gnu11;
				GCC_DYNAMIC_NO_PIC = NO;
				GCC_NO_COMMON_BLOCKS = YES;
				GCC_OPTIMIZATION_LEVEL = 0;
				GCC_PREPROCESSOR_DEFINITIONS = (
					"DEBUG=1",
					"$(inherited)",
				);
				GCC_WARN_64_TO_32_BIT_CONVERSION = YES;
				GCC_WARN_ABOUT_RETURN_TYPE = YES_ERROR;
				GCC_WARN_UNDECLARED_SELECTOR = YES;
				GCC_WARN_UNINITIALIZED_AUTOS = YES_AGGRESSIVE;
				GCC_WARN_UNUSED_FUNCTION = YES;
				GCC_WARN_UNUSED_VARIABLE = YES;
				IPHONEOS_DEPLOYMENT_TARGET = 13.0;
				MTL_ENABLE_DEBUG_INFO = INCLUDE_SOURCE;
				MTL_FAST_MATH = YES;
				ONLY_ACTIVE_ARCH = YES;
				SDKROOT = iphoneos;
				SWIFT_ACTIVE_COMPILATION_CONDITIONS = DEBUG;
				SWIFT_OPTIMIZATION_LEVEL = "-Onone";
			};
			name = Debug;
		};
		8557926D234796A400E521BA /* Release */ = {
			isa = XCBuildConfiguration;
			buildSettings = {
				ALWAYS_SEARCH_USER_PATHS = NO;
				CLANG_ANALYZER_NONNULL = YES;
				CLANG_ANALYZER_NUMBER_OBJECT_CONVERSION = YES_AGGRESSIVE;
				CLANG_CXX_LANGUAGE_STANDARD = "gnu++14";
				CLANG_CXX_LIBRARY = "libc++";
				CLANG_ENABLE_MODULES = YES;
				CLANG_ENABLE_OBJC_ARC = YES;
				CLANG_ENABLE_OBJC_WEAK = YES;
				CLANG_WARN_BLOCK_CAPTURE_AUTORELEASING = YES;
				CLANG_WARN_BOOL_CONVERSION = YES;
				CLANG_WARN_COMMA = YES;
				CLANG_WARN_CONSTANT_CONVERSION = YES;
				CLANG_WARN_DEPRECATED_OBJC_IMPLEMENTATIONS = YES;
				CLANG_WARN_DIRECT_OBJC_ISA_USAGE = YES_ERROR;
				CLANG_WARN_DOCUMENTATION_COMMENTS = YES;
				CLANG_WARN_EMPTY_BODY = YES;
				CLANG_WARN_ENUM_CONVERSION = YES;
				CLANG_WARN_INFINITE_RECURSION = YES;
				CLANG_WARN_INT_CONVERSION = YES;
				CLANG_WARN_NON_LITERAL_NULL_CONVERSION = YES;
				CLANG_WARN_OBJC_IMPLICIT_RETAIN_SELF = YES;
				CLANG_WARN_OBJC_LITERAL_CONVERSION = YES;
				CLANG_WARN_OBJC_ROOT_CLASS = YES_ERROR;
				CLANG_WARN_RANGE_LOOP_ANALYSIS = YES;
				CLANG_WARN_STRICT_PROTOTYPES = YES;
				CLANG_WARN_SUSPICIOUS_MOVE = YES;
				CLANG_WARN_UNGUARDED_AVAILABILITY = YES_AGGRESSIVE;
				CLANG_WARN_UNREACHABLE_CODE = YES;
				CLANG_WARN__DUPLICATE_METHOD_MATCH = YES;
				COPY_PHASE_STRIP = NO;
				DEBUG_INFORMATION_FORMAT = "dwarf-with-dsym";
				ENABLE_NS_ASSERTIONS = NO;
				ENABLE_STRICT_OBJC_MSGSEND = YES;
				GCC_C_LANGUAGE_STANDARD = gnu11;
				GCC_NO_COMMON_BLOCKS = YES;
				GCC_WARN_64_TO_32_BIT_CONVERSION = YES;
				GCC_WARN_ABOUT_RETURN_TYPE = YES_ERROR;
				GCC_WARN_UNDECLARED_SELECTOR = YES;
				GCC_WARN_UNINITIALIZED_AUTOS = YES_AGGRESSIVE;
				GCC_WARN_UNUSED_FUNCTION = YES;
				GCC_WARN_UNUSED_VARIABLE = YES;
				IPHONEOS_DEPLOYMENT_TARGET = 13.0;
				MTL_ENABLE_DEBUG_INFO = NO;
				MTL_FAST_MATH = YES;
				SDKROOT = iphoneos;
				SWIFT_COMPILATION_MODE = wholemodule;
				SWIFT_OPTIMIZATION_LEVEL = "-O";
				VALIDATE_PRODUCT = YES;
			};
			name = Release;
		};
		8557926F234796A400E521BA /* Debug */ = {
			isa = XCBuildConfiguration;
			buildSettings = {
				ASSETCATALOG_COMPILER_APPICON_NAME = AppIcon;
				CODE_SIGN_STYLE = Automatic;
				DEVELOPMENT_TEAM = GQHR9QPNK6;
				INFOPLIST_FILE = "$(SRCROOT)/Movie/Resources/Info.plist";
				LD_RUNPATH_SEARCH_PATHS = (
					"$(inherited)",
					"@executable_path/Frameworks",
				);
				PRODUCT_BUNDLE_IDENTIFIER = me.Movie;
				PRODUCT_NAME = "$(TARGET_NAME)";
				SWIFT_VERSION = 5.0;
				TARGETED_DEVICE_FAMILY = "1,2";
			};
			name = Debug;
		};
		85579270234796A400E521BA /* Release */ = {
			isa = XCBuildConfiguration;
			buildSettings = {
				ASSETCATALOG_COMPILER_APPICON_NAME = AppIcon;
				CODE_SIGN_STYLE = Automatic;
				DEVELOPMENT_TEAM = GQHR9QPNK6;
				INFOPLIST_FILE = "$(SRCROOT)/Movie/Resources/Info.plist";
				LD_RUNPATH_SEARCH_PATHS = (
					"$(inherited)",
					"@executable_path/Frameworks",
				);
				PRODUCT_BUNDLE_IDENTIFIER = me.Movie;
				PRODUCT_NAME = "$(TARGET_NAME)";
				SWIFT_VERSION = 5.0;
				TARGETED_DEVICE_FAMILY = "1,2";
			};
			name = Release;
		};
/* End XCBuildConfiguration section */

/* Begin XCConfigurationList section */
		85579255234796A300E521BA /* Build configuration list for PBXProject "Movie" */ = {
			isa = XCConfigurationList;
			buildConfigurations = (
				8557926C234796A400E521BA /* Debug */,
				8557926D234796A400E521BA /* Release */,
			);
			defaultConfigurationIsVisible = 0;
			defaultConfigurationName = Release;
		};
		8557926E234796A400E521BA /* Build configuration list for PBXNativeTarget "Movie" */ = {
			isa = XCConfigurationList;
			buildConfigurations = (
				8557926F234796A400E521BA /* Debug */,
				85579270234796A400E521BA /* Release */,
			);
			defaultConfigurationIsVisible = 0;
			defaultConfigurationName = Release;
		};
/* End XCConfigurationList section */
	};
	rootObject = 85579252234796A300E521BA /* Project object */;
}
